// !$*UTF8*$!
{
	archiveVersion = 1;
	classes = {
	};
	objectVersion = 77;
	objects = {

/* Begin PBXBuildFile section */
		0A18DEE12EC4AD7F00E1C089 /* ScriptingBridge.framework in Frameworks */ = {isa = PBXBuildFile; fileRef = 0A2266CB2EC3A7A200977BEB /* ScriptingBridge.framework */; };
/* End PBXBuildFile section */

/* Begin PBXContainerItemProxy section */
		0A2266A72EC3A2C700977BEB /* PBXContainerItemProxy */ = {
			isa = PBXContainerItemProxy;
			containerPortal = 0A2266882EC3A2C500977BEB /* Project object */;
			proxyType = 1;
			remoteGlobalIDString = 0A22668F2EC3A2C500977BEB;
			remoteInfo = MiniPlayer;
		};
		0A2266B12EC3A2C700977BEB /* PBXContainerItemProxy */ = {
			isa = PBXContainerItemProxy;
			containerPortal = 0A2266882EC3A2C500977BEB /* Project object */;
			proxyType = 1;
			remoteGlobalIDString = 0A22668F2EC3A2C500977BEB;
			remoteInfo = MiniPlayer;
		};
/* End PBXContainerItemProxy section */

/* Begin PBXFileReference section */
		0A18DEDD2EC4AA1C00E1C089 /* MediaRemote.framework */ = {isa = PBXFileReference; lastKnownFileType = wrapper.framework; name = MediaRemote.framework; path = ../../../../../System/Library/PrivateFrameworks/MediaRemote.framework; sourceTree = "<group>"; };
		0A2266902EC3A2C500977BEB /* MiniPlayer.app */ = {isa = PBXFileReference; explicitFileType = wrapper.application; includeInIndex = 0; path = MiniPlayer.app; sourceTree = BUILT_PRODUCTS_DIR; };
		0A2266A62EC3A2C700977BEB /* MiniPlayerTests.xctest */ = {isa = PBXFileReference; explicitFileType = wrapper.cfbundle; includeInIndex = 0; path = MiniPlayerTests.xctest; sourceTree = BUILT_PRODUCTS_DIR; };
		0A2266B02EC3A2C700977BEB /* MiniPlayerUITests.xctest */ = {isa = PBXFileReference; explicitFileType = wrapper.cfbundle; includeInIndex = 0; path = MiniPlayerUITests.xctest; sourceTree = BUILT_PRODUCTS_DIR; };
		0A2266CB2EC3A7A200977BEB /* ScriptingBridge.framework */ = {isa = PBXFileReference; lastKnownFileType = wrapper.framework; name = ScriptingBridge.framework; path = System/Library/Frameworks/ScriptingBridge.framework; sourceTree = SDKROOT; };
/* End PBXFileReference section */

/* Begin PBXFileSystemSynchronizedBuildFileExceptionSet section */
		0A2266D42EC43FB100977BEB /* Exceptions for "MiniPlayer" folder in "MiniPlayer" target */ = {
			isa = PBXFileSystemSynchronizedBuildFileExceptionSet;
			membershipExceptions = (
				Info.plist,
			);
			target = 0A22668F2EC3A2C500977BEB /* MiniPlayer */;
		};
/* End PBXFileSystemSynchronizedBuildFileExceptionSet section */

/* Begin PBXFileSystemSynchronizedRootGroup section */
		0A2266922EC3A2C500977BEB /* MiniPlayer */ = {
			isa = PBXFileSystemSynchronizedRootGroup;
			exceptions = (
				0A2266D42EC43FB100977BEB /* Exceptions for "MiniPlayer" folder in "MiniPlayer" target */,
			);
			path = MiniPlayer;
			sourceTree = "<group>";
		};
		0A2266A92EC3A2C700977BEB /* MiniPlayerTests */ = {
			isa = PBXFileSystemSynchronizedRootGroup;
			path = MiniPlayerTests;
			sourceTree = "<group>";
		};
		0A2266B32EC3A2C700977BEB /* MiniPlayerUITests */ = {
			isa = PBXFileSystemSynchronizedRootGroup;
			path = MiniPlayerUITests;
			sourceTree = "<group>";
		};
/* End PBXFileSystemSynchronizedRootGroup section */

/* Begin PBXFrameworksBuildPhase section */
		0A22668D2EC3A2C500977BEB /* Frameworks */ = {
			isa = PBXFrameworksBuildPhase;
			buildActionMask = 2147483647;
			files = (
				0A18DEE12EC4AD7F00E1C089 /* ScriptingBridge.framework in Frameworks */,
			);
			runOnlyForDeploymentPostprocessing = 0;
		};
		0A2266A32EC3A2C700977BEB /* Frameworks */ = {
			isa = PBXFrameworksBuildPhase;
			buildActionMask = 2147483647;
			files = (
			);
			runOnlyForDeploymentPostprocessing = 0;
		};
		0A2266AD2EC3A2C700977BEB /* Frameworks */ = {
			isa = PBXFrameworksBuildPhase;
			buildActionMask = 2147483647;
			files = (
			);
			runOnlyForDeploymentPostprocessing = 0;
		};
/* End PBXFrameworksBuildPhase section */

/* Begin PBXGroup section */
		0A2266872EC3A2C500977BEB = {
			isa = PBXGroup;
			children = (
				0A2266922EC3A2C500977BEB /* MiniPlayer */,
				0A2266A92EC3A2C700977BEB /* MiniPlayerTests */,
				0A2266B32EC3A2C700977BEB /* MiniPlayerUITests */,
				0A2266CA2EC3A7A200977BEB /* Frameworks */,
				0A2266912EC3A2C500977BEB /* Products */,
			);
			sourceTree = "<group>";
		};
		0A2266912EC3A2C500977BEB /* Products */ = {
			isa = PBXGroup;
			children = (
				0A2266902EC3A2C500977BEB /* MiniPlayer.app */,
				0A2266A62EC3A2C700977BEB /* MiniPlayerTests.xctest */,
				0A2266B02EC3A2C700977BEB /* MiniPlayerUITests.xctest */,
			);
			name = Products;
			sourceTree = "<group>";
		};
		0A2266CA2EC3A7A200977BEB /* Frameworks */ = {
			isa = PBXGroup;
			children = (
				0A18DEDD2EC4AA1C00E1C089 /* MediaRemote.framework */,
				0A2266CB2EC3A7A200977BEB /* ScriptingBridge.framework */,
			);
			name = Frameworks;
			sourceTree = "<group>";
		};
/* End PBXGroup section */

/* Begin PBXNativeTarget section */
		0A22668F2EC3A2C500977BEB /* MiniPlayer */ = {
			isa = PBXNativeTarget;
			buildConfigurationList = 0A2266BA2EC3A2C700977BEB /* Build configuration list for PBXNativeTarget "MiniPlayer" */;
			buildPhases = (
				0A22668C2EC3A2C500977BEB /* Sources */,
				0A22668D2EC3A2C500977BEB /* Frameworks */,
				0A22668E2EC3A2C500977BEB /* Resources */,
			);
			buildRules = (
			);
			dependencies = (
			);
			fileSystemSynchronizedGroups = (
				0A2266922EC3A2C500977BEB /* MiniPlayer */,
			);
			name = MiniPlayer;
			packageProductDependencies = (
			);
			productName = MiniPlayer;
			productReference = 0A2266902EC3A2C500977BEB /* MiniPlayer.app */;
			productType = "com.apple.product-type.application";
		};
		0A2266A52EC3A2C700977BEB /* MiniPlayerTests */ = {
			isa = PBXNativeTarget;
			buildConfigurationList = 0A2266BD2EC3A2C700977BEB /* Build configuration list for PBXNativeTarget "MiniPlayerTests" */;
			buildPhases = (
				0A2266A22EC3A2C700977BEB /* Sources */,
				0A2266A32EC3A2C700977BEB /* Frameworks */,
				0A2266A42EC3A2C700977BEB /* Resources */,
			);
			buildRules = (
			);
			dependencies = (
				0A2266A82EC3A2C700977BEB /* PBXTargetDependency */,
			);
			fileSystemSynchronizedGroups = (
				0A2266A92EC3A2C700977BEB /* MiniPlayerTests */,
			);
			name = MiniPlayerTests;
			packageProductDependencies = (
			);
			productName = MiniPlayerTests;
			productReference = 0A2266A62EC3A2C700977BEB /* MiniPlayerTests.xctest */;
			productType = "com.apple.product-type.bundle.unit-test";
		};
		0A2266AF2EC3A2C700977BEB /* MiniPlayerUITests */ = {
			isa = PBXNativeTarget;
			buildConfigurationList = 0A2266C02EC3A2C700977BEB /* Build configuration list for PBXNativeTarget "MiniPlayerUITests" */;
			buildPhases = (
				0A2266AC2EC3A2C700977BEB /* Sources */,
				0A2266AD2EC3A2C700977BEB /* Frameworks */,
				0A2266AE2EC3A2C700977BEB /* Resources */,
			);
			buildRules = (
			);
			dependencies = (
				0A2266B22EC3A2C700977BEB /* PBXTargetDependency */,
			);
			fileSystemSynchronizedGroups = (
				0A2266B32EC3A2C700977BEB /* MiniPlayerUITests */,
			);
			name = MiniPlayerUITests;
			packageProductDependencies = (
			);
			productName = MiniPlayerUITests;
			productReference = 0A2266B02EC3A2C700977BEB /* MiniPlayerUITests.xctest */;
			productType = "com.apple.product-type.bundle.ui-testing";
		};
/* End PBXNativeTarget section */

/* Begin PBXProject section */
		0A2266882EC3A2C500977BEB /* Project object */ = {
			isa = PBXProject;
			attributes = {
				BuildIndependentTargetsInParallel = 1;
				LastSwiftUpdateCheck = 1620;
				LastUpgradeCheck = 1620;
				TargetAttributes = {
					0A22668F2EC3A2C500977BEB = {
						CreatedOnToolsVersion = 16.2;
						LastSwiftMigration = 1620;
					};
					0A2266A52EC3A2C700977BEB = {
						CreatedOnToolsVersion = 16.2;
						TestTargetID = 0A22668F2EC3A2C500977BEB;
					};
					0A2266AF2EC3A2C700977BEB = {
						CreatedOnToolsVersion = 16.2;
						TestTargetID = 0A22668F2EC3A2C500977BEB;
					};
				};
			};
			buildConfigurationList = 0A22668B2EC3A2C500977BEB /* Build configuration list for PBXProject "MiniPlayer" */;
			developmentRegion = en;
			hasScannedForEncodings = 0;
			knownRegions = (
				en,
				Base,
			);
			mainGroup = 0A2266872EC3A2C500977BEB;
			minimizedProjectReferenceProxies = 1;
			preferredProjectObjectVersion = 77;
			productRefGroup = 0A2266912EC3A2C500977BEB /* Products */;
			projectDirPath = "";
			projectRoot = "";
			targets = (
				0A22668F2EC3A2C500977BEB /* MiniPlayer */,
				0A2266A52EC3A2C700977BEB /* MiniPlayerTests */,
				0A2266AF2EC3A2C700977BEB /* MiniPlayerUITests */,
			);
		};
/* End PBXProject section */

/* Begin PBXResourcesBuildPhase section */
		0A22668E2EC3A2C500977BEB /* Resources */ = {
			isa = PBXResourcesBuildPhase;
			buildActionMask = 2147483647;
			files = (
			);
			runOnlyForDeploymentPostprocessing = 0;
		};
		0A2266A42EC3A2C700977BEB /* Resources */ = {
			isa = PBXResourcesBuildPhase;
			buildActionMask = 2147483647;
			files = (
			);
			runOnlyForDeploymentPostprocessing = 0;
		};
		0A2266AE2EC3A2C700977BEB /* Resources */ = {
			isa = PBXResourcesBuildPhase;
			buildActionMask = 2147483647;
			files = (
			);
			runOnlyForDeploymentPostprocessing = 0;
		};
/* End PBXResourcesBuildPhase section */

/* Begin PBXSourcesBuildPhase section */
		0A22668C2EC3A2C500977BEB /* Sources */ = {
			isa = PBXSourcesBuildPhase;
			buildActionMask = 2147483647;
			files = (
			);
			runOnlyForDeploymentPostprocessing = 0;
		};
		0A2266A22EC3A2C700977BEB /* Sources */ = {
			isa = PBXSourcesBuildPhase;
			buildActionMask = 2147483647;
			files = (
			);
			runOnlyForDeploymentPostprocessing = 0;
		};
		0A2266AC2EC3A2C700977BEB /* Sources */ = {
			isa = PBXSourcesBuildPhase;
			buildActionMask = 2147483647;
			files = (
			);
			runOnlyForDeploymentPostprocessing = 0;
		};
/* End PBXSourcesBuildPhase section */

/* Begin PBXTargetDependency section */
		0A2266A82EC3A2C700977BEB /* PBXTargetDependency */ = {
			isa = PBXTargetDependency;
			target = 0A22668F2EC3A2C500977BEB /* MiniPlayer */;
			targetProxy = 0A2266A72EC3A2C700977BEB /* PBXContainerItemProxy */;
		};
		0A2266B22EC3A2C700977BEB /* PBXTargetDependency */ = {
			isa = PBXTargetDependency;
			target = 0A22668F2EC3A2C500977BEB /* MiniPlayer */;
			targetProxy = 0A2266B12EC3A2C700977BEB /* PBXContainerItemProxy */;
		};
/* End PBXTargetDependency section */

/* Begin XCBuildConfiguration section */
		0A2266B82EC3A2C700977BEB /* Debug */ = {
			isa = XCBuildConfiguration;
			buildSettings = {
				ALWAYS_SEARCH_USER_PATHS = NO;
				ASSETCATALOG_COMPILER_GENERATE_SWIFT_ASSET_SYMBOL_EXTENSIONS = YES;
				CLANG_ANALYZER_NONNULL = YES;
				CLANG_ANALYZER_NUMBER_OBJECT_CONVERSION = YES_AGGRESSIVE;
				CLANG_CXX_LANGUAGE_STANDARD = "gnu++20";
				CLANG_ENABLE_MODULES = YES;
				CLANG_ENABLE_OBJC_ARC = YES;
				CLANG_ENABLE_OBJC_WEAK = YES;
				CLANG_WARN_BLOCK_CAPTURE_AUTORELEASING = YES;
				CLANG_WARN_BOOL_CONVERSION = YES;
				CLANG_WARN_COMMA = YES;
				CLANG_WARN_CONSTANT_CONVERSION = YES;
				CLANG_WARN_DEPRECATED_OBJC_IMPLEMENTATIONS = YES;
				CLANG_WARN_DIRECT_OBJC_ISA_USAGE = YES_ERROR;
				CLANG_WARN_DOCUMENTATION_COMMENTS = YES;
				CLANG_WARN_EMPTY_BODY = YES;
				CLANG_WARN_ENUM_CONVERSION = YES;
				CLANG_WARN_INFINITE_RECURSION = YES;
				CLANG_WARN_INT_CONVERSION = YES;
				CLANG_WARN_NON_LITERAL_NULL_CONVERSION = YES;
				CLANG_WARN_OBJC_IMPLICIT_RETAIN_SELF = YES;
				CLANG_WARN_OBJC_LITERAL_CONVERSION = YES;
				CLANG_WARN_OBJC_ROOT_CLASS = YES_ERROR;
				CLANG_WARN_QUOTED_INCLUDE_IN_FRAMEWORK_HEADER = YES;
				CLANG_WARN_RANGE_LOOP_ANALYSIS = YES;
				CLANG_WARN_STRICT_PROTOTYPES = YES;
				CLANG_WARN_SUSPICIOUS_MOVE = YES;
				CLANG_WARN_UNGUARDED_AVAILABILITY = YES_AGGRESSIVE;
				CLANG_WARN_UNREACHABLE_CODE = YES;
				CLANG_WARN__DUPLICATE_METHOD_MATCH = YES;
				COPY_PHASE_STRIP = NO;
				DEBUG_INFORMATION_FORMAT = dwarf;
				ENABLE_STRICT_OBJC_MSGSEND = YES;
				ENABLE_TESTABILITY = YES;
				ENABLE_USER_SCRIPT_SANDBOXING = YES;
				GCC_C_LANGUAGE_STANDARD = gnu17;
				GCC_DYNAMIC_NO_PIC = NO;
				GCC_NO_COMMON_BLOCKS = YES;
				GCC_OPTIMIZATION_LEVEL = 0;
				GCC_PREPROCESSOR_DEFINITIONS = (
					"DEBUG=1",
					"$(inherited)",
				);
				GCC_WARN_64_TO_32_BIT_CONVERSION = YES;
				GCC_WARN_ABOUT_RETURN_TYPE = YES_ERROR;
				GCC_WARN_UNDECLARED_SELECTOR = YES;
				GCC_WARN_UNINITIALIZED_AUTOS = YES_AGGRESSIVE;
				GCC_WARN_UNUSED_FUNCTION = YES;
				GCC_WARN_UNUSED_VARIABLE = YES;
				LOCALIZATION_PREFERS_STRING_CATALOGS = YES;
				MACOSX_DEPLOYMENT_TARGET = 15.2;
				MTL_ENABLE_DEBUG_INFO = INCLUDE_SOURCE;
				MTL_FAST_MATH = YES;
				ONLY_ACTIVE_ARCH = YES;
				SDKROOT = macosx;
				SWIFT_ACTIVE_COMPILATION_CONDITIONS = "DEBUG $(inherited)";
				SWIFT_OPTIMIZATION_LEVEL = "-Onone";
			};
			name = Debug;
		};
		0A2266B92EC3A2C700977BEB /* Release */ = {
			isa = XCBuildConfiguration;
			buildSettings = {
				ALWAYS_SEARCH_USER_PATHS = NO;
				ASSETCATALOG_COMPILER_GENERATE_SWIFT_ASSET_SYMBOL_EXTENSIONS = YES;
				CLANG_ANALYZER_NONNULL = YES;
				CLANG_ANALYZER_NUMBER_OBJECT_CONVERSION = YES_AGGRESSIVE;
				CLANG_CXX_LANGUAGE_STANDARD = "gnu++20";
				CLANG_ENABLE_MODULES = YES;
				CLANG_ENABLE_OBJC_ARC = YES;
				CLANG_ENABLE_OBJC_WEAK = YES;
				CLANG_WARN_BLOCK_CAPTURE_AUTORELEASING = YES;
				CLANG_WARN_BOOL_CONVERSION = YES;
				CLANG_WARN_COMMA = YES;
				CLANG_WARN_CONSTANT_CONVERSION = YES;
				CLANG_WARN_DEPRECATED_OBJC_IMPLEMENTATIONS = YES;
				CLANG_WARN_DIRECT_OBJC_ISA_USAGE = YES_ERROR;
				CLANG_WARN_DOCUMENTATION_COMMENTS = YES;
				CLANG_WARN_EMPTY_BODY = YES;
				CLANG_WARN_ENUM_CONVERSION = YES;
				CLANG_WARN_INFINITE_RECURSION = YES;
				CLANG_WARN_INT_CONVERSION = YES;
				CLANG_WARN_NON_LITERAL_NULL_CONVERSION = YES;
				CLANG_WARN_OBJC_IMPLICIT_RETAIN_SELF = YES;
				CLANG_WARN_OBJC_LITERAL_CONVERSION = YES;
				CLANG_WARN_OBJC_ROOT_CLASS = YES_ERROR;
				CLANG_WARN_QUOTED_INCLUDE_IN_FRAMEWORK_HEADER = YES;
				CLANG_WARN_RANGE_LOOP_ANALYSIS = YES;
				CLANG_WARN_STRICT_PROTOTYPES = YES;
				CLANG_WARN_SUSPICIOUS_MOVE = YES;
				CLANG_WARN_UNGUARDED_AVAILABILITY = YES_AGGRESSIVE;
				CLANG_WARN_UNREACHABLE_CODE = YES;
				CLANG_WARN__DUPLICATE_METHOD_MATCH = YES;
				COPY_PHASE_STRIP = NO;
				DEBUG_INFORMATION_FORMAT = "dwarf-with-dsym";
				ENABLE_NS_ASSERTIONS = NO;
				ENABLE_STRICT_OBJC_MSGSEND = YES;
				ENABLE_USER_SCRIPT_SANDBOXING = YES;
				GCC_C_LANGUAGE_STANDARD = gnu17;
				GCC_NO_COMMON_BLOCKS = YES;
				GCC_WARN_64_TO_32_BIT_CONVERSION = YES;
				GCC_WARN_ABOUT_RETURN_TYPE = YES_ERROR;
				GCC_WARN_UNDECLARED_SELECTOR = YES;
				GCC_WARN_UNINITIALIZED_AUTOS = YES_AGGRESSIVE;
				GCC_WARN_UNUSED_FUNCTION = YES;
				GCC_WARN_UNUSED_VARIABLE = YES;
				LOCALIZATION_PREFERS_STRING_CATALOGS = YES;
				MACOSX_DEPLOYMENT_TARGET = 15.2;
				MTL_ENABLE_DEBUG_INFO = NO;
				MTL_FAST_MATH = YES;
				SDKROOT = macosx;
				SWIFT_COMPILATION_MODE = wholemodule;
			};
			name = Release;
		};
		0A2266BB2EC3A2C700977BEB /* Debug */ = {
			isa = XCBuildConfiguration;
			buildSettings = {
				ASSETCATALOG_COMPILER_APPICON_NAME = AppIcon;
				ASSETCATALOG_COMPILER_GLOBAL_ACCENT_COLOR_NAME = AccentColor;
				CLANG_ENABLE_MODULES = YES;
				CODE_SIGN_ENTITLEMENTS = MiniPlayer/MiniPlayer.entitlements;
				CODE_SIGN_STYLE = Automatic;
				COMBINE_HIDPI_IMAGES = YES;
				CURRENT_PROJECT_VERSION = 8;
				DEVELOPMENT_ASSET_PATHS = "\"MiniPlayer/Preview Content\"";
				DEVELOPMENT_TEAM = CFYDJBH978;
				ENABLE_HARDENED_RUNTIME = YES;
				ENABLE_PREVIEWS = YES;
				GENERATE_INFOPLIST_FILE = YES;
				HEADER_SEARCH_PATHS = "";
				INFOPLIST_FILE = MiniPlayer/Info.plist;
				INFOPLIST_KEY_NSAppleEventsUsageDescription = "for controlling Music.app (like play/pause)";
				INFOPLIST_KEY_NSHumanReadableCopyright = "";
				LD_RUNPATH_SEARCH_PATHS = (
					"$(inherited)",
					"@executable_path/../Frameworks",
				);
				MARKETING_VERSION = 1.5.1;
				PRODUCT_BUNDLE_IDENTIFIER = dev.audex.MiniPlayer;
				PRODUCT_NAME = "$(TARGET_NAME)";
				SWIFT_EMIT_LOC_STRINGS = YES;
				SWIFT_OBJC_BRIDGING_HEADER = "MiniPlayer/MiniPlayer-Bridging-Header.h";
				SWIFT_OPTIMIZATION_LEVEL = "-Onone";
				SWIFT_VERSION = 5.0;
				SYSTEM_FRAMEWORK_SEARCH_PATHS = (
					"$(inherited)",
					"$(SYSTEM_LIBRARY_DIR)/PrivateFrameworks",
				);
			};
			name = Debug;
		};
		0A2266BC2EC3A2C700977BEB /* Release */ = {
			isa = XCBuildConfiguration;
			buildSettings = {
				ASSETCATALOG_COMPILER_APPICON_NAME = AppIcon;
				ASSETCATALOG_COMPILER_GLOBAL_ACCENT_COLOR_NAME = AccentColor;
				CLANG_ENABLE_MODULES = YES;
				CODE_SIGN_ENTITLEMENTS = MiniPlayer/MiniPlayer.entitlements;
				CODE_SIGN_STYLE = Automatic;
				COMBINE_HIDPI_IMAGES = YES;
				CURRENT_PROJECT_VERSION = 8;
				DEVELOPMENT_ASSET_PATHS = "\"MiniPlayer/Preview Content\"";
				DEVELOPMENT_TEAM = CFYDJBH978;
				ENABLE_HARDENED_RUNTIME = YES;
				ENABLE_PREVIEWS = YES;
				GENERATE_INFOPLIST_FILE = YES;
				HEADER_SEARCH_PATHS = "";
				INFOPLIST_FILE = MiniPlayer/Info.plist;
				INFOPLIST_KEY_NSAppleEventsUsageDescription = "for controlling Music.app (like play/pause)";
				INFOPLIST_KEY_NSHumanReadableCopyright = "";
				LD_RUNPATH_SEARCH_PATHS = (
					"$(inherited)",
					"@executable_path/../Frameworks",
				);
				MARKETING_VERSION = 1.5.1;
				PRODUCT_BUNDLE_IDENTIFIER = dev.audex.MiniPlayer;
				PRODUCT_NAME = "$(TARGET_NAME)";
				SWIFT_EMIT_LOC_STRINGS = YES;
				SWIFT_OBJC_BRIDGING_HEADER = "MiniPlayer/MiniPlayer-Bridging-Header.h";
				SWIFT_VERSION = 5.0;
				SYSTEM_FRAMEWORK_SEARCH_PATHS = (
					"$(inherited)",
					"$(SYSTEM_LIBRARY_DIR)/PrivateFrameworks",
				);
			};
			name = Release;
		};
		0A2266BE2EC3A2C700977BEB /* Debug */ = {
			isa = XCBuildConfiguration;
			buildSettings = {
				BUNDLE_LOADER = "$(TEST_HOST)";
				CODE_SIGN_STYLE = Automatic;
				CURRENT_PROJECT_VERSION = 1;
				GENERATE_INFOPLIST_FILE = YES;
				MACOSX_DEPLOYMENT_TARGET = 15.2;
				MARKETING_VERSION = 1.0;
				PRODUCT_BUNDLE_IDENTIFIER = dev.audex.MiniPlayerTests;
				PRODUCT_NAME = "$(TARGET_NAME)";
				SWIFT_EMIT_LOC_STRINGS = NO;
				SWIFT_VERSION = 5.0;
				TEST_HOST = "$(BUILT_PRODUCTS_DIR)/MiniPlayer.app/$(BUNDLE_EXECUTABLE_FOLDER_PATH)/MiniPlayer";
			};
			name = Debug;
		};
		0A2266BF2EC3A2C700977BEB /* Release */ = {
			isa = XCBuildConfiguration;
			buildSettings = {
				BUNDLE_LOADER = "$(TEST_HOST)";
				CODE_SIGN_STYLE = Automatic;
				CURRENT_PROJECT_VERSION = 1;
				GENERATE_INFOPLIST_FILE = YES;
				MACOSX_DEPLOYMENT_TARGET = 15.2;
				MARKETING_VERSION = 1.0;
				PRODUCT_BUNDLE_IDENTIFIER = dev.audex.MiniPlayerTests;
				PRODUCT_NAME = "$(TARGET_NAME)";
				SWIFT_EMIT_LOC_STRINGS = NO;
				SWIFT_VERSION = 5.0;
				TEST_HOST = "$(BUILT_PRODUCTS_DIR)/MiniPlayer.app/$(BUNDLE_EXECUTABLE_FOLDER_PATH)/MiniPlayer";
			};
			name = Release;
		};
		0A2266C12EC3A2C700977BEB /* Debug */ = {
			isa = XCBuildConfiguration;
			buildSettings = {
				CODE_SIGN_STYLE = Automatic;
				CURRENT_PROJECT_VERSION = 1;
				GENERATE_INFOPLIST_FILE = YES;
				MARKETING_VERSION = 1.0;
				PRODUCT_BUNDLE_IDENTIFIER = dev.audex.MiniPlayerUITests;
				PRODUCT_NAME = "$(TARGET_NAME)";
				SWIFT_EMIT_LOC_STRINGS = NO;
				SWIFT_VERSION = 5.0;
				TEST_TARGET_NAME = MiniPlayer;
			};
			name = Debug;
		};
		0A2266C22EC3A2C700977BEB /* Release */ = {
			isa = XCBuildConfiguration;
			buildSettings = {
				CODE_SIGN_STYLE = Automatic;
				CURRENT_PROJECT_VERSION = 1;
				GENERATE_INFOPLIST_FILE = YES;
				MARKETING_VERSION = 1.0;
				PRODUCT_BUNDLE_IDENTIFIER = dev.audex.MiniPlayerUITests;
				PRODUCT_NAME = "$(TARGET_NAME)";
				SWIFT_EMIT_LOC_STRINGS = NO;
				SWIFT_VERSION = 5.0;
				TEST_TARGET_NAME = MiniPlayer;
			};
			name = Release;
		};
/* End XCBuildConfiguration section */

/* Begin XCConfigurationList section */
		0A22668B2EC3A2C500977BEB /* Build configuration list for PBXProject "MiniPlayer" */ = {
			isa = XCConfigurationList;
			buildConfigurations = (
				0A2266B82EC3A2C700977BEB /* Debug */,
				0A2266B92EC3A2C700977BEB /* Release */,
			);
			defaultConfigurationIsVisible = 0;
			defaultConfigurationName = Release;
		};
		0A2266BA2EC3A2C700977BEB /* Build configuration list for PBXNativeTarget "MiniPlayer" */ = {
			isa = XCConfigurationList;
			buildConfigurations = (
				0A2266BB2EC3A2C700977BEB /* Debug */,
				0A2266BC2EC3A2C700977BEB /* Release */,
			);
			defaultConfigurationIsVisible = 0;
			defaultConfigurationName = Release;
		};
		0A2266BD2EC3A2C700977BEB /* Build configuration list for PBXNativeTarget "MiniPlayerTests" */ = {
			isa = XCConfigurationList;
			buildConfigurations = (
				0A2266BE2EC3A2C700977BEB /* Debug */,
				0A2266BF2EC3A2C700977BEB /* Release */,
			);
			defaultConfigurationIsVisible = 0;
			defaultConfigurationName = Release;
		};
		0A2266C02EC3A2C700977BEB /* Build configuration list for PBXNativeTarget "MiniPlayerUITests" */ = {
			isa = XCConfigurationList;
			buildConfigurations = (
				0A2266C12EC3A2C700977BEB /* Debug */,
				0A2266C22EC3A2C700977BEB /* Release */,
			);
			defaultConfigurationIsVisible = 0;
			defaultConfigurationName = Release;
		};
/* End XCConfigurationList section */
	};
	rootObject = 0A2266882EC3A2C500977BEB /* Project object */;
}
